// !$*UTF8*$!
{
	archiveVersion = 1;
	classes = {
	};
	objectVersion = 56;
	objects = {

/* Begin PBXBuildFile section */
		568A9E6329B259C1005F1548 /* ButtonWithAlertApp.swift in Sources */ = {isa = PBXBuildFile; fileRef = 568A9E6229B259C1005F1548 /* ButtonWithAlertApp.swift */; };
		568A9E6529B259C1005F1548 /* ContentView.swift in Sources */ = {isa = PBXBuildFile; fileRef = 568A9E6429B259C1005F1548 /* ContentView.swift */; };
		568A9E6729B259C6005F1548 /* Assets.xcassets in Resources */ = {isa = PBXBuildFile; fileRef = 568A9E6629B259C6005F1548 /* Assets.xcassets */; };
		568A9E6A29B259C6005F1548 /* Preview Assets.xcassets in Resources */ = {isa = PBXBuildFile; fileRef = 568A9E6929B259C6005F1548 /* Preview Assets.xcassets */; };
		568A9E7429B259C7005F1548 /* ButtonWithAlertTests.swift in Sources */ = {isa = PBXBuildFile; fileRef = 568A9E7329B259C7005F1548 /* ButtonWithAlertTests.swift */; };
		568A9E7E29B259C7005F1548 /* ButtonWithAlertUITests.swift in Sources */ = {isa = PBXBuildFile; fileRef = 568A9E7D29B259C7005F1548 /* ButtonWithAlertUITests.swift */; };
		568A9E8029B259C7005F1548 /* ButtonWithAlertUITestsLaunchTests.swift in Sources */ = {isa = PBXBuildFile; fileRef = 568A9E7F29B259C7005F1548 /* ButtonWithAlertUITestsLaunchTests.swift */; };
/* End PBXBuildFile section */

/* Begin PBXContainerItemProxy section */
		568A9E7029B259C7005F1548 /* PBXContainerItemProxy */ = {
			isa = PBXContainerItemProxy;
			containerPortal = 568A9E5729B259C1005F1548 /* Project object */;
			proxyType = 1;
			remoteGlobalIDString = 568A9E5E29B259C1005F1548;
			remoteInfo = ButtonWithAlert;
		};
		568A9E7A29B259C7005F1548 /* PBXContainerItemProxy */ = {
			isa = PBXContainerItemProxy;
			containerPortal = 568A9E5729B259C1005F1548 /* Project object */;
			proxyType = 1;
			remoteGlobalIDString = 568A9E5E29B259C1005F1548;
			remoteInfo = ButtonWithAlert;
		};
/* End PBXContainerItemProxy section */

/* Begin PBXFileReference section */
		568A9E5F29B259C1005F1548 /* ButtonWithAlert.app */ = {isa = PBXFileReference; explicitFileType = wrapper.application; includeInIndex = 0; path = ButtonWithAlert.app; sourceTree = BUILT_PRODUCTS_DIR; };
		568A9E6229B259C1005F1548 /* ButtonWithAlertApp.swift */ = {isa = PBXFileReference; lastKnownFileType = sourcecode.swift; path = ButtonWithAlertApp.swift; sourceTree = "<group>"; };
		568A9E6429B259C1005F1548 /* ContentView.swift */ = {isa = PBXFileReference; lastKnownFileType = sourcecode.swift; path = ContentView.swift; sourceTree = "<group>"; };
		568A9E6629B259C6005F1548 /* Assets.xcassets */ = {isa = PBXFileReference; lastKnownFileType = folder.assetcatalog; path = Assets.xcassets; sourceTree = "<group>"; };
		568A9E6929B259C6005F1548 /* Preview Assets.xcassets */ = {isa = PBXFileReference; lastKnownFileType = folder.assetcatalog; path = "Preview Assets.xcassets"; sourceTree = "<group>"; };
		568A9E6F29B259C7005F1548 /* ButtonWithAlertTests.xctest */ = {isa = PBXFileReference; explicitFileType = wrapper.cfbundle; includeInIndex = 0; path = ButtonWithAlertTests.xctest; sourceTree = BUILT_PRODUCTS_DIR; };
		568A9E7329B259C7005F1548 /* ButtonWithAlertTests.swift */ = {isa = PBXFileReference; lastKnownFileType = sourcecode.swift; path = ButtonWithAlertTests.swift; sourceTree = "<group>"; };
		568A9E7929B259C7005F1548 /* ButtonWithAlertUITests.xctest */ = {isa = PBXFileReference; explicitFileType = wrapper.cfbundle; includeInIndex = 0; path = ButtonWithAlertUITests.xctest; sourceTree = BUILT_PRODUCTS_DIR; };
		568A9E7D29B259C7005F1548 /* ButtonWithAlertUITests.swift */ = {isa = PBXFileReference; lastKnownFileType = sourcecode.swift; path = ButtonWithAlertUITests.swift; sourceTree = "<group>"; };
		568A9E7F29B259C7005F1548 /* ButtonWithAlertUITestsLaunchTests.swift */ = {isa = PBXFileReference; lastKnownFileType = sourcecode.swift; path = ButtonWithAlertUITestsLaunchTests.swift; sourceTree = "<group>"; };
/* End PBXFileReference section */

/* Begin PBXFrameworksBuildPhase section */
		568A9E5C29B259C1005F1548 /* Frameworks */ = {
			isa = PBXFrameworksBuildPhase;
			buildActionMask = 2147483647;
			files = (
			);
			runOnlyForDeploymentPostprocessing = 0;
		};
		568A9E6C29B259C6005F1548 /* Frameworks */ = {
			isa = PBXFrameworksBuildPhase;
			buildActionMask = 2147483647;
			files = (
			);
			runOnlyForDeploymentPostprocessing = 0;
		};
		568A9E7629B259C7005F1548 /* Frameworks */ = {
			isa = PBXFrameworksBuildPhase;
			buildActionMask = 2147483647;
			files = (
			);
			runOnlyForDeploymentPostprocessing = 0;
		};
/* End PBXFrameworksBuildPhase section */

/* Begin PBXGroup section */
		568A9E5629B259C1005F1548 = {
			isa = PBXGroup;
			children = (
				568A9E6129B259C1005F1548 /* ButtonWithAlert */,
				568A9E7229B259C7005F1548 /* ButtonWithAlertTests */,
				568A9E7C29B259C7005F1548 /* ButtonWithAlertUITests */,
				568A9E6029B259C1005F1548 /* Products */,
			);
			sourceTree = "<group>";
		};
		568A9E6029B259C1005F1548 /* Products */ = {
			isa = PBXGroup;
			children = (
				568A9E5F29B259C1005F1548 /* ButtonWithAlert.app */,
				568A9E6F29B259C7005F1548 /* ButtonWithAlertTests.xctest */,
				568A9E7929B259C7005F1548 /* ButtonWithAlertUITests.xctest */,
			);
			name = Products;
			sourceTree = "<group>";
		};
		568A9E6129B259C1005F1548 /* ButtonWithAlert */ = {
			isa = PBXGroup;
			children = (
				568A9E6229B259C1005F1548 /* ButtonWithAlertApp.swift */,
				568A9E6429B259C1005F1548 /* ContentView.swift */,
				568A9E6629B259C6005F1548 /* Assets.xcassets */,
				568A9E6829B259C6005F1548 /* Preview Content */,
			);
			path = ButtonWithAlert;
			sourceTree = "<group>";
		};
		568A9E6829B259C6005F1548 /* Preview Content */ = {
			isa = PBXGroup;
			children = (
				568A9E6929B259C6005F1548 /* Preview Assets.xcassets */,
			);
			path = "Preview Content";
			sourceTree = "<group>";
		};
		568A9E7229B259C7005F1548 /* ButtonWithAlertTests */ = {
			isa = PBXGroup;
			children = (
				568A9E7329B259C7005F1548 /* ButtonWithAlertTests.swift */,
			);
			path = ButtonWithAlertTests;
			sourceTree = "<group>";
		};
		568A9E7C29B259C7005F1548 /* ButtonWithAlertUITests */ = {
			isa = PBXGroup;
			children = (
				568A9E7D29B259C7005F1548 /* ButtonWithAlertUITests.swift */,
				568A9E7F29B259C7005F1548 /* ButtonWithAlertUITestsLaunchTests.swift */,
			);
			path = ButtonWithAlertUITests;
			sourceTree = "<group>";
		};
/* End PBXGroup section */

/* Begin PBXNativeTarget section */
		568A9E5E29B259C1005F1548 /* ButtonWithAlert */ = {
			isa = PBXNativeTarget;
			buildConfigurationList = 568A9E8329B259C7005F1548 /* Build configuration list for PBXNativeTarget "ButtonWithAlert" */;
			buildPhases = (
				568A9E5B29B259C1005F1548 /* Sources */,
				568A9E5C29B259C1005F1548 /* Frameworks */,
				568A9E5D29B259C1005F1548 /* Resources */,
			);
			buildRules = (
			);
			dependencies = (
			);
			name = ButtonWithAlert;
			productName = ButtonWithAlert;
			productReference = 568A9E5F29B259C1005F1548 /* ButtonWithAlert.app */;
			productType = "com.apple.product-type.application";
		};
		568A9E6E29B259C6005F1548 /* ButtonWithAlertTests */ = {
			isa = PBXNativeTarget;
			buildConfigurationList = 568A9E8629B259C7005F1548 /* Build configuration list for PBXNativeTarget "ButtonWithAlertTests" */;
			buildPhases = (
				568A9E6B29B259C6005F1548 /* Sources */,
				568A9E6C29B259C6005F1548 /* Frameworks */,
				568A9E6D29B259C6005F1548 /* Resources */,
			);
			buildRules = (
			);
			dependencies = (
				568A9E7129B259C7005F1548 /* PBXTargetDependency */,
			);
			name = ButtonWithAlertTests;
			productName = ButtonWithAlertTests;
			productReference = 568A9E6F29B259C7005F1548 /* ButtonWithAlertTests.xctest */;
			productType = "com.apple.product-type.bundle.unit-test";
		};
		568A9E7829B259C7005F1548 /* ButtonWithAlertUITests */ = {
			isa = PBXNativeTarget;
			buildConfigurationList = 568A9E8929B259C7005F1548 /* Build configuration list for PBXNativeTarget "ButtonWithAlertUITests" */;
			buildPhases = (
				568A9E7529B259C7005F1548 /* Sources */,
				568A9E7629B259C7005F1548 /* Frameworks */,
				568A9E7729B259C7005F1548 /* Resources */,
			);
			buildRules = (
			);
			dependencies = (
				568A9E7B29B259C7005F1548 /* PBXTargetDependency */,
			);
			name = ButtonWithAlertUITests;
			productName = ButtonWithAlertUITests;
			productReference = 568A9E7929B259C7005F1548 /* ButtonWithAlertUITests.xctest */;
			productType = "com.apple.product-type.bundle.ui-testing";
		};
/* End PBXNativeTarget section */

/* Begin PBXProject section */
		568A9E5729B259C1005F1548 /* Project object */ = {
			isa = PBXProject;
			attributes = {
				BuildIndependentTargetsInParallel = 1;
				LastSwiftUpdateCheck = 1420;
				LastUpgradeCheck = 1420;
				TargetAttributes = {
					568A9E5E29B259C1005F1548 = {
						CreatedOnToolsVersion = 14.2;
					};
					568A9E6E29B259C6005F1548 = {
						CreatedOnToolsVersion = 14.2;
						TestTargetID = 568A9E5E29B259C1005F1548;
					};
					568A9E7829B259C7005F1548 = {
						CreatedOnToolsVersion = 14.2;
						TestTargetID = 568A9E5E29B259C1005F1548;
					};
				};
			};
			buildConfigurationList = 568A9E5A29B259C1005F1548 /* Build configuration list for PBXProject "ButtonWithAlert" */;
			compatibilityVersion = "Xcode 14.0";
			developmentRegion = en;
			hasScannedForEncodings = 0;
			knownRegions = (
				en,
				Base,
			);
			mainGroup = 568A9E5629B259C1005F1548;
			productRefGroup = 568A9E6029B259C1005F1548 /* Products */;
			projectDirPath = "";
			projectRoot = "";
			targets = (
				568A9E5E29B259C1005F1548 /* ButtonWithAlert */,
				568A9E6E29B259C6005F1548 /* ButtonWithAlertTests */,
				568A9E7829B259C7005F1548 /* ButtonWithAlertUITests */,
			);
		};
/* End PBXProject section */

/* Begin PBXResourcesBuildPhase section */
		568A9E5D29B259C1005F1548 /* Resources */ = {
			isa = PBXResourcesBuildPhase;
			buildActionMask = 2147483647;
			files = (
				568A9E6A29B259C6005F1548 /* Preview Assets.xcassets in Resources */,
				568A9E6729B259C6005F1548 /* Assets.xcassets in Resources */,
			);
			runOnlyForDeploymentPostprocessing = 0;
		};
		568A9E6D29B259C6005F1548 /* Resources */ = {
			isa = PBXResourcesBuildPhase;
			buildActionMask = 2147483647;
			files = (
			);
			runOnlyForDeploymentPostprocessing = 0;
		};
		568A9E7729B259C7005F1548 /* Resources */ = {
			isa = PBXResourcesBuildPhase;
			buildActionMask = 2147483647;
			files = (
			);
			runOnlyForDeploymentPostprocessing = 0;
		};
/* End PBXResourcesBuildPhase section */

/* Begin PBXSourcesBuildPhase section */
		568A9E5B29B259C1005F1548 /* Sources */ = {
			isa = PBXSourcesBuildPhase;
			buildActionMask = 2147483647;
			files = (
				568A9E6529B259C1005F1548 /* ContentView.swift in Sources */,
				568A9E6329B259C1005F1548 /* ButtonWithAlertApp.swift in Sources */,
			);
			runOnlyForDeploymentPostprocessing = 0;
		};
		568A9E6B29B259C6005F1548 /* Sources */ = {
			isa = PBXSourcesBuildPhase;
			buildActionMask = 2147483647;
			files = (
				568A9E7429B259C7005F1548 /* ButtonWithAlertTests.swift in Sources */,
			);
			runOnlyForDeploymentPostprocessing = 0;
		};
		568A9E7529B259C7005F1548 /* Sources */ = {
			isa = PBXSourcesBuildPhase;
			buildActionMask = 2147483647;
			files = (
				568A9E7E29B259C7005F1548 /* ButtonWithAlertUITests.swift in Sources */,
				568A9E8029B259C7005F1548 /* ButtonWithAlertUITestsLaunchTests.swift in Sources */,
			);
			runOnlyForDeploymentPostprocessing = 0;
		};
/* End PBXSourcesBuildPhase section */

/* Begin PBXTargetDependency section */
		568A9E7129B259C7005F1548 /* PBXTargetDependency */ = {
			isa = PBXTargetDependency;
			target = 568A9E5E29B259C1005F1548 /* ButtonWithAlert */;
			targetProxy = 568A9E7029B259C7005F1548 /* PBXContainerItemProxy */;
		};
		568A9E7B29B259C7005F1548 /* PBXTargetDependency */ = {
			isa = PBXTargetDependency;
			target = 568A9E5E29B259C1005F1548 /* ButtonWithAlert */;
			targetProxy = 568A9E7A29B259C7005F1548 /* PBXContainerItemProxy */;
		};
/* End PBXTargetDependency section */

/* Begin XCBuildConfiguration section */
		568A9E8129B259C7005F1548 /* Debug */ = {
			isa = XCBuildConfiguration;
			buildSettings = {
				ALWAYS_SEARCH_USER_PATHS = NO;
				CLANG_ANALYZER_NONNULL = YES;
				CLANG_ANALYZER_NUMBER_OBJECT_CONVERSION = YES_AGGRESSIVE;
				CLANG_CXX_LANGUAGE_STANDARD = "gnu++20";
				CLANG_ENABLE_MODULES = YES;
				CLANG_ENABLE_OBJC_ARC = YES;
				CLANG_ENABLE_OBJC_WEAK = YES;
				CLANG_WARN_BLOCK_CAPTURE_AUTORELEASING = YES;
				CLANG_WARN_BOOL_CONVERSION = YES;
				CLANG_WARN_COMMA = YES;
				CLANG_WARN_CONSTANT_CONVERSION = YES;
				CLANG_WARN_DEPRECATED_OBJC_IMPLEMENTATIONS = YES;
				CLANG_WARN_DIRECT_OBJC_ISA_USAGE = YES_ERROR;
				CLANG_WARN_DOCUMENTATION_COMMENTS = YES;
				CLANG_WARN_EMPTY_BODY = YES;
				CLANG_WARN_ENUM_CONVERSION = YES;
				CLANG_WARN_INFINITE_RECURSION = YES;
				CLANG_WARN_INT_CONVERSION = YES;
				CLANG_WARN_NON_LITERAL_NULL_CONVERSION = YES;
				CLANG_WARN_OBJC_IMPLICIT_RETAIN_SELF = YES;
				CLANG_WARN_OBJC_LITERAL_CONVERSION = YES;
				CLANG_WARN_OBJC_ROOT_CLASS = YES_ERROR;
				CLANG_WARN_QUOTED_INCLUDE_IN_FRAMEWORK_HEADER = YES;
				CLANG_WARN_RANGE_LOOP_ANALYSIS = YES;
				CLANG_WARN_STRICT_PROTOTYPES = YES;
				CLANG_WARN_SUSPICIOUS_MOVE = YES;
				CLANG_WARN_UNGUARDED_AVAILABILITY = YES_AGGRESSIVE;
				CLANG_WARN_UNREACHABLE_CODE = YES;
				CLANG_WARN__DUPLICATE_METHOD_MATCH = YES;
				COPY_PHASE_STRIP = NO;
				DEBUG_INFORMATION_FORMAT = dwarf;
				ENABLE_STRICT_OBJC_MSGSEND = YES;
				ENABLE_TESTABILITY = YES;
				GCC_C_LANGUAGE_STANDARD = gnu11;
				GCC_DYNAMIC_NO_PIC = NO;
				GCC_NO_COMMON_BLOCKS = YES;
				GCC_OPTIMIZATION_LEVEL = 0;
				GCC_PREPROCESSOR_DEFINITIONS = (
					"DEBUG=1",
					"$(inherited)",
				);
				GCC_WARN_64_TO_32_BIT_CONVERSION = YES;
				GCC_WARN_ABOUT_RETURN_TYPE = YES_ERROR;
				GCC_WARN_UNDECLARED_SELECTOR = YES;
				GCC_WARN_UNINITIALIZED_AUTOS = YES_AGGRESSIVE;
				GCC_WARN_UNUSED_FUNCTION = YES;
				GCC_WARN_UNUSED_VARIABLE = YES;
				IPHONEOS_DEPLOYMENT_TARGET = 16.2;
				MTL_ENABLE_DEBUG_INFO = INCLUDE_SOURCE;
				MTL_FAST_MATH = YES;
				ONLY_ACTIVE_ARCH = YES;
				SDKROOT = iphoneos;
				SWIFT_ACTIVE_COMPILATION_CONDITIONS = DEBUG;
				SWIFT_OPTIMIZATION_LEVEL = "-Onone";
			};
			name = Debug;
		};
		568A9E8229B259C7005F1548 /* Release */ = {
			isa = XCBuildConfiguration;
			buildSettings = {
				ALWAYS_SEARCH_USER_PATHS = NO;
				CLANG_ANALYZER_NONNULL = YES;
				CLANG_ANALYZER_NUMBER_OBJECT_CONVERSION = YES_AGGRESSIVE;
				CLANG_CXX_LANGUAGE_STANDARD = "gnu++20";
				CLANG_ENABLE_MODULES = YES;
				CLANG_ENABLE_OBJC_ARC = YES;
				CLANG_ENABLE_OBJC_WEAK = YES;
				CLANG_WARN_BLOCK_CAPTURE_AUTORELEASING = YES;
				CLANG_WARN_BOOL_CONVERSION = YES;
				CLANG_WARN_COMMA = YES;
				CLANG_WARN_CONSTANT_CONVERSION = YES;
				CLANG_WARN_DEPRECATED_OBJC_IMPLEMENTATIONS = YES;
				CLANG_WARN_DIRECT_OBJC_ISA_USAGE = YES_ERROR;
				CLANG_WARN_DOCUMENTATION_COMMENTS = YES;
				CLANG_WARN_EMPTY_BODY = YES;
				CLANG_WARN_ENUM_CONVERSION = YES;
				CLANG_WARN_INFINITE_RECURSION = YES;
				CLANG_WARN_INT_CONVERSION = YES;
				CLANG_WARN_NON_LITERAL_NULL_CONVERSION = YES;
				CLANG_WARN_OBJC_IMPLICIT_RETAIN_SELF = YES;
				CLANG_WARN_OBJC_LITERAL_CONVERSION = YES;
				CLANG_WARN_OBJC_ROOT_CLASS = YES_ERROR;
				CLANG_WARN_QUOTED_INCLUDE_IN_FRAMEWORK_HEADER = YES;
				CLANG_WARN_RANGE_LOOP_ANALYSIS = YES;
				CLANG_WARN_STRICT_PROTOTYPES = YES;
				CLANG_WARN_SUSPICIOUS_MOVE = YES;
				CLANG_WARN_UNGUARDED_AVAILABILITY = YES_AGGRESSIVE;
				CLANG_WARN_UNREACHABLE_CODE = YES;
				CLANG_WARN__DUPLICATE_METHOD_MATCH = YES;
				COPY_PHASE_STRIP = NO;
				DEBUG_INFORMATION_FORMAT = "dwarf-with-dsym";
				ENABLE_NS_ASSERTIONS = NO;
				ENABLE_STRICT_OBJC_MSGSEND = YES;
				GCC_C_LANGUAGE_STANDARD = gnu11;
				GCC_NO_COMMON_BLOCKS = YES;
				GCC_WARN_64_TO_32_BIT_CONVERSION = YES;
				GCC_WARN_ABOUT_RETURN_TYPE = YES_ERROR;
				GCC_WARN_UNDECLARED_SELECTOR = YES;
				GCC_WARN_UNINITIALIZED_AUTOS = YES_AGGRESSIVE;
				GCC_WARN_UNUSED_FUNCTION = YES;
				GCC_WARN_UNUSED_VARIABLE = YES;
				IPHONEOS_DEPLOYMENT_TARGET = 16.2;
				MTL_ENABLE_DEBUG_INFO = NO;
				MTL_FAST_MATH = YES;
				SDKROOT = iphoneos;
				SWIFT_COMPILATION_MODE = wholemodule;
				SWIFT_OPTIMIZATION_LEVEL = "-O";
				VALIDATE_PRODUCT = YES;
			};
			name = Release;
		};
		568A9E8429B259C7005F1548 /* Debug */ = {
			isa = XCBuildConfiguration;
			buildSettings = {
				ASSETCATALOG_COMPILER_APPICON_NAME = AppIcon;
				ASSETCATALOG_COMPILER_GLOBAL_ACCENT_COLOR_NAME = AccentColor;
				CODE_SIGN_STYLE = Automatic;
				CURRENT_PROJECT_VERSION = 1;
				DEVELOPMENT_ASSET_PATHS = "\"ButtonWithAlert/Preview Content\"";
				DEVELOPMENT_TEAM = T9PS7UYXRY;
				ENABLE_PREVIEWS = YES;
				GENERATE_INFOPLIST_FILE = YES;
				INFOPLIST_KEY_UIApplicationSceneManifest_Generation = YES;
				INFOPLIST_KEY_UIApplicationSupportsIndirectInputEvents = YES;
				INFOPLIST_KEY_UILaunchScreen_Generation = YES;
				INFOPLIST_KEY_UISupportedInterfaceOrientations_iPad = "UIInterfaceOrientationPortrait UIInterfaceOrientationPortraitUpsideDown UIInterfaceOrientationLandscapeLeft UIInterfaceOrientationLandscapeRight";
				INFOPLIST_KEY_UISupportedInterfaceOrientations_iPhone = "UIInterfaceOrientationPortrait UIInterfaceOrientationLandscapeLeft UIInterfaceOrientationLandscapeRight";
				LD_RUNPATH_SEARCH_PATHS = (
					"$(inherited)",
					"@executable_path/Frameworks",
				);
				MARKETING_VERSION = 1.0;
				PRODUCT_BUNDLE_IDENTIFIER = E.B..ButtonWithAlert;
				PRODUCT_NAME = "$(TARGET_NAME)";
				SWIFT_EMIT_LOC_STRINGS = YES;
				SWIFT_VERSION = 5.0;
				TARGETED_DEVICE_FAMILY = "1,2";
			};
			name = Debug;
		};
		568A9E8529B259C7005F1548 /* Release */ = {
			isa = XCBuildConfiguration;
			buildSettings = {
				ASSETCATALOG_COMPILER_APPICON_NAME = AppIcon;
				ASSETCATALOG_COMPILER_GLOBAL_ACCENT_COLOR_NAME = AccentColor;
				CODE_SIGN_STYLE = Automatic;
				CURRENT_PROJECT_VERSION = 1;
				DEVELOPMENT_ASSET_PATHS = "\"ButtonWithAlert/Preview Content\"";
				DEVELOPMENT_TEAM = T9PS7UYXRY;
				ENABLE_PREVIEWS = YES;
				GENERATE_INFOPLIST_FILE = YES;
				INFOPLIST_KEY_UIApplicationSceneManifest_Generation = YES;
				INFOPLIST_KEY_UIApplicationSupportsIndirectInputEvents = YES;
				INFOPLIST_KEY_UILaunchScreen_Generation = YES;
				INFOPLIST_KEY_UISupportedInterfaceOrientations_iPad = "UIInterfaceOrientationPortrait UIInterfaceOrientationPortraitUpsideDown UIInterfaceOrientationLandscapeLeft UIInterfaceOrientationLandscapeRight";
				INFOPLIST_KEY_UISupportedInterfaceOrientations_iPhone = "UIInterfaceOrientationPortrait UIInterfaceOrientationLandscapeLeft UIInterfaceOrientationLandscapeRight";
				LD_RUNPATH_SEARCH_PATHS = (
					"$(inherited)",
					"@executable_path/Frameworks",
				);
				MARKETING_VERSION = 1.0;
				PRODUCT_BUNDLE_IDENTIFIER = E.B..ButtonWithAlert;
				PRODUCT_NAME = "$(TARGET_NAME)";
				SWIFT_EMIT_LOC_STRINGS = YES;
				SWIFT_VERSION = 5.0;
				TARGETED_DEVICE_FAMILY = "1,2";
			};
			name = Release;
		};
		568A9E8729B259C7005F1548 /* Debug */ = {
			isa = XCBuildConfiguration;
			buildSettings = {
				ALWAYS_EMBED_SWIFT_STANDARD_LIBRARIES = YES;
				BUNDLE_LOADER = "$(TEST_HOST)";
				CODE_SIGN_STYLE = Automatic;
				CURRENT_PROJECT_VERSION = 1;
				DEVELOPMENT_TEAM = T9PS7UYXRY;
				GENERATE_INFOPLIST_FILE = YES;
				IPHONEOS_DEPLOYMENT_TARGET = 16.2;
				MARKETING_VERSION = 1.0;
				PRODUCT_BUNDLE_IDENTIFIER = E.B..ButtonWithAlertTests;
				PRODUCT_NAME = "$(TARGET_NAME)";
				SWIFT_EMIT_LOC_STRINGS = NO;
				SWIFT_VERSION = 5.0;
				TARGETED_DEVICE_FAMILY = "1,2";
				TEST_HOST = "$(BUILT_PRODUCTS_DIR)/ButtonWithAlert.app/$(BUNDLE_EXECUTABLE_FOLDER_PATH)/ButtonWithAlert";
			};
			name = Debug;
		};
		568A9E8829B259C7005F1548 /* Release */ = {
			isa = XCBuildConfiguration;
			buildSettings = {
				ALWAYS_EMBED_SWIFT_STANDARD_LIBRARIES = YES;
				BUNDLE_LOADER = "$(TEST_HOST)";
				CODE_SIGN_STYLE = Automatic;
				CURRENT_PROJECT_VERSION = 1;
				DEVELOPMENT_TEAM = T9PS7UYXRY;
				GENERATE_INFOPLIST_FILE = YES;
				IPHONEOS_DEPLOYMENT_TARGET = 16.2;
				MARKETING_VERSION = 1.0;
				PRODUCT_BUNDLE_IDENTIFIER = E.B..ButtonWithAlertTests;
				PRODUCT_NAME = "$(TARGET_NAME)";
				SWIFT_EMIT_LOC_STRINGS = NO;
				SWIFT_VERSION = 5.0;
				TARGETED_DEVICE_FAMILY = "1,2";
				TEST_HOST = "$(BUILT_PRODUCTS_DIR)/ButtonWithAlert.app/$(BUNDLE_EXECUTABLE_FOLDER_PATH)/ButtonWithAlert";
			};
			name = Release;
		};
		568A9E8A29B259C7005F1548 /* Debug */ = {
			isa = XCBuildConfiguration;
			buildSettings = {
				ALWAYS_EMBED_SWIFT_STANDARD_LIBRARIES = YES;
				CODE_SIGN_STYLE = Automatic;
				CURRENT_PROJECT_VERSION = 1;
				DEVELOPMENT_TEAM = T9PS7UYXRY;
				GENERATE_INFOPLIST_FILE = YES;
				MARKETING_VERSION = 1.0;
				PRODUCT_BUNDLE_IDENTIFIER = E.B..ButtonWithAlertUITests;
				PRODUCT_NAME = "$(TARGET_NAME)";
				SWIFT_EMIT_LOC_STRINGS = NO;
				SWIFT_VERSION = 5.0;
				TARGETED_DEVICE_FAMILY = "1,2";
				TEST_TARGET_NAME = ButtonWithAlert;
			};
			name = Debug;
		};
		568A9E8B29B259C7005F1548 /* Release */ = {
			isa = XCBuildConfiguration;
			buildSettings = {
				ALWAYS_EMBED_SWIFT_STANDARD_LIBRARIES = YES;
				CODE_SIGN_STYLE = Automatic;
				CURRENT_PROJECT_VERSION = 1;
				DEVELOPMENT_TEAM = T9PS7UYXRY;
				GENERATE_INFOPLIST_FILE = YES;
				MARKETING_VERSION = 1.0;
				PRODUCT_BUNDLE_IDENTIFIER = E.B..ButtonWithAlertUITests;
				PRODUCT_NAME = "$(TARGET_NAME)";
				SWIFT_EMIT_LOC_STRINGS = NO;
				SWIFT_VERSION = 5.0;
				TARGETED_DEVICE_FAMILY = "1,2";
				TEST_TARGET_NAME = ButtonWithAlert;
			};
			name = Release;
		};
/* End XCBuildConfiguration section */

/* Begin XCConfigurationList section */
		568A9E5A29B259C1005F1548 /* Build configuration list for PBXProject "ButtonWithAlert" */ = {
			isa = XCConfigurationList;
			buildConfigurations = (
				568A9E8129B259C7005F1548 /* Debug */,
				568A9E8229B259C7005F1548 /* Release */,
			);
			defaultConfigurationIsVisible = 0;
			defaultConfigurationName = Release;
		};
		568A9E8329B259C7005F1548 /* Build configuration list for PBXNativeTarget "ButtonWithAlert" */ = {
			isa = XCConfigurationList;
			buildConfigurations = (
				568A9E8429B259C7005F1548 /* Debug */,
				568A9E8529B259C7005F1548 /* Release */,
			);
			defaultConfigurationIsVisible = 0;
			defaultConfigurationName = Release;
		};
		568A9E8629B259C7005F1548 /* Build configuration list for PBXNativeTarget "ButtonWithAlertTests" */ = {
			isa = XCConfigurationList;
			buildConfigurations = (
				568A9E8729B259C7005F1548 /* Debug */,
				568A9E8829B259C7005F1548 /* Release */,
			);
			defaultConfigurationIsVisible = 0;
			defaultConfigurationName = Release;
		};
		568A9E8929B259C7005F1548 /* Build configuration list for PBXNativeTarget "ButtonWithAlertUITests" */ = {
			isa = XCConfigurationList;
			buildConfigurations = (
				568A9E8A29B259C7005F1548 /* Debug */,
				568A9E8B29B259C7005F1548 /* Release */,
			);
			defaultConfigurationIsVisible = 0;
			defaultConfigurationName = Release;
		};
/* End XCConfigurationList section */
	};
	rootObject = 568A9E5729B259C1005F1548 /* Project object */;
}
